{
  "name": "mahjong",
  "lockfileVersion": 3,
  "requires": true,
  "packages": {
    "": {
      "name": "mahjong",
      "workspaces": [
        "packages/*"
      ]
    },
    "node_modules/@mahjong/server": {
      "resolved": "packages/server",
      "link": true
    },
    "node_modules/@mahjong/shared": {
      "resolved": "packages/shared",
      "link": true
    },
    "node_modules/@mahjong/web": {
      "resolved": "packages/web",
      "link": true
    },
    "node_modules/ws": {
      "version": "8.19.0",
      "resolved": "https://registry.npmjs.org/ws/-/ws-8.19.0.tgz",
      "integrity": "sha512-blAT2mjOEIi0ZzruJfIhb3nps74PRWTCz1IjglWEEpQl5XS/UNama6u2/rjFkDDouqr4L67ry+1aGIALViWjDg==",
      "license": "MIT",
      "engines": {
        "node": ">=10.0.0"
      },
      "peerDependencies": {
        "bufferutil": "^4.0.1",
        "utf-8-validate": ">=5.0.2"
      },
      "peerDependenciesMeta": {
        "bufferutil": {
          "optional": true
        },
        "utf-8-validate": {
          "optional": true
        }
      }
    },
    "packages/server": {
      "name": "@mahjong/server",
      "version": "0.1.0",
      "dependencies": {
        "@mahjong/shared": "0.1.0",
        "ws": "^8.18.3"
      }
    },
    "packages/shared": {
      "name": "@mahjong/shared",
      "version": "0.1.0"
    },
    "packages/web": {
      "name": "@mahjong/web",
      "version": "0.1.0"
    }
  }
}
